// !$*UTF8*$!
{
	archiveVersion = 1;
	classes = {
	};
	objectVersion = 55;
	objects = {

/* Begin PBXBuildFile section */
		75273C6D283F651400765B79 /* AppDelegate.swift in Sources */ = {isa = PBXBuildFile; fileRef = 75273C6C283F651400765B79 /* AppDelegate.swift */; };
		75273C6F283F651400765B79 /* SceneDelegate.swift in Sources */ = {isa = PBXBuildFile; fileRef = 75273C6E283F651400765B79 /* SceneDelegate.swift */; };
		75273C71283F651400765B79 /* ViewController.swift in Sources */ = {isa = PBXBuildFile; fileRef = 75273C70283F651400765B79 /* ViewController.swift */; };
		75273C74283F651400765B79 /* Main.storyboard in Resources */ = {isa = PBXBuildFile; fileRef = 75273C72283F651400765B79 /* Main.storyboard */; };
		75273C76283F651500765B79 /* Assets.xcassets in Resources */ = {isa = PBXBuildFile; fileRef = 75273C75283F651500765B79 /* Assets.xcassets */; };
		75273C79283F651500765B79 /* LaunchScreen.storyboard in Resources */ = {isa = PBXBuildFile; fileRef = 75273C77283F651500765B79 /* LaunchScreen.storyboard */; };
		75273C84283F651500765B79 /* Project07___PullToRefreshTests.swift in Sources */ = {isa = PBXBuildFile; fileRef = 75273C83283F651500765B79 /* Project07___PullToRefreshTests.swift */; };
		75273C8E283F651500765B79 /* Project07___PullToRefreshUITests.swift in Sources */ = {isa = PBXBuildFile; fileRef = 75273C8D283F651500765B79 /* Project07___PullToRefreshUITests.swift */; };
		75273C90283F651500765B79 /* Project07___PullToRefreshUITestsLaunchTests.swift in Sources */ = {isa = PBXBuildFile; fileRef = 75273C8F283F651500765B79 /* Project07___PullToRefreshUITestsLaunchTests.swift */; };
/* End PBXBuildFile section */

/* Begin PBXContainerItemProxy section */
		75273C80283F651500765B79 /* PBXContainerItemProxy */ = {
			isa = PBXContainerItemProxy;
			containerPortal = 75273C61283F651400765B79 /* Project object */;
			proxyType = 1;
			remoteGlobalIDString = 75273C68283F651400765B79;
			remoteInfo = "Project07 - PullToRefresh";
		};
		75273C8A283F651500765B79 /* PBXContainerItemProxy */ = {
			isa = PBXContainerItemProxy;
			containerPortal = 75273C61283F651400765B79 /* Project object */;
			proxyType = 1;
			remoteGlobalIDString = 75273C68283F651400765B79;
			remoteInfo = "Project07 - PullToRefresh";
		};
/* End PBXContainerItemProxy section */

/* Begin PBXFileReference section */
		75273C69283F651400765B79 /* Project07 - PullToRefresh.app */ = {isa = PBXFileReference; explicitFileType = wrapper.application; includeInIndex = 0; path = "Project07 - PullToRefresh.app"; sourceTree = BUILT_PRODUCTS_DIR; };
		75273C6C283F651400765B79 /* AppDelegate.swift */ = {isa = PBXFileReference; lastKnownFileType = sourcecode.swift; path = AppDelegate.swift; sourceTree = "<group>"; };
		75273C6E283F651400765B79 /* SceneDelegate.swift */ = {isa = PBXFileReference; lastKnownFileType = sourcecode.swift; path = SceneDelegate.swift; sourceTree = "<group>"; };
		75273C70283F651400765B79 /* ViewController.swift */ = {isa = PBXFileReference; lastKnownFileType = sourcecode.swift; path = ViewController.swift; sourceTree = "<group>"; };
		75273C73283F651400765B79 /* Base */ = {isa = PBXFileReference; lastKnownFileType = file.storyboard; name = Base; path = Base.lproj/Main.storyboard; sourceTree = "<group>"; };
		75273C75283F651500765B79 /* Assets.xcassets */ = {isa = PBXFileReference; lastKnownFileType = folder.assetcatalog; path = Assets.xcassets; sourceTree = "<group>"; };
		75273C78283F651500765B79 /* Base */ = {isa = PBXFileReference; lastKnownFileType = file.storyboard; name = Base; path = Base.lproj/LaunchScreen.storyboard; sourceTree = "<group>"; };
		75273C7A283F651500765B79 /* Info.plist */ = {isa = PBXFileReference; lastKnownFileType = text.plist.xml; path = Info.plist; sourceTree = "<group>"; };
		75273C7F283F651500765B79 /* Project07 - PullToRefreshTests.xctest */ = {isa = PBXFileReference; explicitFileType = wrapper.cfbundle; includeInIndex = 0; path = "Project07 - PullToRefreshTests.xctest"; sourceTree = BUILT_PRODUCTS_DIR; };
		75273C83283F651500765B79 /* Project07___PullToRefreshTests.swift */ = {isa = PBXFileReference; lastKnownFileType = sourcecode.swift; path = "Project07___PullToRefreshTests.swift"; sourceTree = "<group>"; };
		75273C89283F651500765B79 /* Project07 - PullToRefreshUITests.xctest */ = {isa = PBXFileReference; explicitFileType = wrapper.cfbundle; includeInIndex = 0; path = "Project07 - PullToRefreshUITests.xctest"; sourceTree = BUILT_PRODUCTS_DIR; };
		75273C8D283F651500765B79 /* Project07___PullToRefreshUITests.swift */ = {isa = PBXFileReference; lastKnownFileType = sourcecode.swift; path = "Project07___PullToRefreshUITests.swift"; sourceTree = "<group>"; };
		75273C8F283F651500765B79 /* Project07___PullToRefreshUITestsLaunchTests.swift */ = {isa = PBXFileReference; lastKnownFileType = sourcecode.swift; path = "Project07___PullToRefreshUITestsLaunchTests.swift"; sourceTree = "<group>"; };
/* End PBXFileReference section */

/* Begin PBXFrameworksBuildPhase section */
		75273C66283F651400765B79 /* Frameworks */ = {
			isa = PBXFrameworksBuildPhase;
			buildActionMask = 2147483647;
			files = (
			);
			runOnlyForDeploymentPostprocessing = 0;
		};
		75273C7C283F651500765B79 /* Frameworks */ = {
			isa = PBXFrameworksBuildPhase;
			buildActionMask = 2147483647;
			files = (
			);
			runOnlyForDeploymentPostprocessing = 0;
		};
		75273C86283F651500765B79 /* Frameworks */ = {
			isa = PBXFrameworksBuildPhase;
			buildActionMask = 2147483647;
			files = (
			);
			runOnlyForDeploymentPostprocessing = 0;
		};
/* End PBXFrameworksBuildPhase section */

/* Begin PBXGroup section */
		75273C60283F651400765B79 = {
			isa = PBXGroup;
			children = (
				75273C6B283F651400765B79 /* Project07 - PullToRefresh */,
				75273C82283F651500765B79 /* Project07 - PullToRefreshTests */,
				75273C8C283F651500765B79 /* Project07 - PullToRefreshUITests */,
				75273C6A283F651400765B79 /* Products */,
			);
			sourceTree = "<group>";
		};
		75273C6A283F651400765B79 /* Products */ = {
			isa = PBXGroup;
			children = (
				75273C69283F651400765B79 /* Project07 - PullToRefresh.app */,
				75273C7F283F651500765B79 /* Project07 - PullToRefreshTests.xctest */,
				75273C89283F651500765B79 /* Project07 - PullToRefreshUITests.xctest */,
			);
			name = Products;
			sourceTree = "<group>";
		};
		75273C6B283F651400765B79 /* Project07 - PullToRefresh */ = {
			isa = PBXGroup;
			children = (
				75273C6C283F651400765B79 /* AppDelegate.swift */,
				75273C6E283F651400765B79 /* SceneDelegate.swift */,
				75273C70283F651400765B79 /* ViewController.swift */,
				75273C72283F651400765B79 /* Main.storyboard */,
				75273C75283F651500765B79 /* Assets.xcassets */,
				75273C77283F651500765B79 /* LaunchScreen.storyboard */,
				75273C7A283F651500765B79 /* Info.plist */,
			);
			path = "Project07 - PullToRefresh";
			sourceTree = "<group>";
		};
		75273C82283F651500765B79 /* Project07 - PullToRefreshTests */ = {
			isa = PBXGroup;
			children = (
				75273C83283F651500765B79 /* Project07___PullToRefreshTests.swift */,
			);
			path = "Project07 - PullToRefreshTests";
			sourceTree = "<group>";
		};
		75273C8C283F651500765B79 /* Project07 - PullToRefreshUITests */ = {
			isa = PBXGroup;
			children = (
				75273C8D283F651500765B79 /* Project07___PullToRefreshUITests.swift */,
				75273C8F283F651500765B79 /* Project07___PullToRefreshUITestsLaunchTests.swift */,
			);
			path = "Project07 - PullToRefreshUITests";
			sourceTree = "<group>";
		};
/* End PBXGroup section */

/* Begin PBXNativeTarget section */
		75273C68283F651400765B79 /* Project07 - PullToRefresh */ = {
			isa = PBXNativeTarget;
			buildConfigurationList = 75273C93283F651500765B79 /* Build configuration list for PBXNativeTarget "Project07 - PullToRefresh" */;
			buildPhases = (
				75273C65283F651400765B79 /* Sources */,
				75273C66283F651400765B79 /* Frameworks */,
				75273C67283F651400765B79 /* Resources */,
			);
			buildRules = (
			);
			dependencies = (
			);
			name = "Project07 - PullToRefresh";
			productName = "Project07 - PullToRefresh";
			productReference = 75273C69283F651400765B79 /* Project07 - PullToRefresh.app */;
			productType = "com.apple.product-type.application";
		};
		75273C7E283F651500765B79 /* Project07 - PullToRefreshTests */ = {
			isa = PBXNativeTarget;
			buildConfigurationList = 75273C96283F651500765B79 /* Build configuration list for PBXNativeTarget "Project07 - PullToRefreshTests" */;
			buildPhases = (
				75273C7B283F651500765B79 /* Sources */,
				75273C7C283F651500765B79 /* Frameworks */,
				75273C7D283F651500765B79 /* Resources */,
			);
			buildRules = (
			);
			dependencies = (
				75273C81283F651500765B79 /* PBXTargetDependency */,
			);
			name = "Project07 - PullToRefreshTests";
			productName = "Project07 - PullToRefreshTests";
			productReference = 75273C7F283F651500765B79 /* Project07 - PullToRefreshTests.xctest */;
			productType = "com.apple.product-type.bundle.unit-test";
		};
		75273C88283F651500765B79 /* Project07 - PullToRefreshUITests */ = {
			isa = PBXNativeTarget;
			buildConfigurationList = 75273C99283F651500765B79 /* Build configuration list for PBXNativeTarget "Project07 - PullToRefreshUITests" */;
			buildPhases = (
				75273C85283F651500765B79 /* Sources */,
				75273C86283F651500765B79 /* Frameworks */,
				75273C87283F651500765B79 /* Resources */,
			);
			buildRules = (
			);
			dependencies = (
				75273C8B283F651500765B79 /* PBXTargetDependency */,
			);
			name = "Project07 - PullToRefreshUITests";
			productName = "Project07 - PullToRefreshUITests";
			productReference = 75273C89283F651500765B79 /* Project07 - PullToRefreshUITests.xctest */;
			productType = "com.apple.product-type.bundle.ui-testing";
		};
/* End PBXNativeTarget section */

/* Begin PBXProject section */
		75273C61283F651400765B79 /* Project object */ = {
			isa = PBXProject;
			attributes = {
				BuildIndependentTargetsInParallel = 1;
				LastSwiftUpdateCheck = 1340;
				LastUpgradeCheck = 1340;
				TargetAttributes = {
					75273C68283F651400765B79 = {
						CreatedOnToolsVersion = 13.4;
					};
					75273C7E283F651500765B79 = {
						CreatedOnToolsVersion = 13.4;
						TestTargetID = 75273C68283F651400765B79;
					};
					75273C88283F651500765B79 = {
						CreatedOnToolsVersion = 13.4;
						TestTargetID = 75273C68283F651400765B79;
					};
				};
			};
			buildConfigurationList = 75273C64283F651400765B79 /* Build configuration list for PBXProject "Project07 - PullToRefresh" */;
			compatibilityVersion = "Xcode 13.0";
			developmentRegion = en;
			hasScannedForEncodings = 0;
			knownRegions = (
				en,
				Base,
			);
			mainGroup = 75273C60283F651400765B79;
			productRefGroup = 75273C6A283F651400765B79 /* Products */;
			projectDirPath = "";
			projectRoot = "";
			targets = (
				75273C68283F651400765B79 /* Project07 - PullToRefresh */,
				75273C7E283F651500765B79 /* Project07 - PullToRefreshTests */,
				75273C88283F651500765B79 /* Project07 - PullToRefreshUITests */,
			);
		};
/* End PBXProject section */

/* Begin PBXResourcesBuildPhase section */
		75273C67283F651400765B79 /* Resources */ = {
			isa = PBXResourcesBuildPhase;
			buildActionMask = 2147483647;
			files = (
				75273C79283F651500765B79 /* LaunchScreen.storyboard in Resources */,
				75273C76283F651500765B79 /* Assets.xcassets in Resources */,
				75273C74283F651400765B79 /* Main.storyboard in Resources */,
			);
			runOnlyForDeploymentPostprocessing = 0;
		};
		75273C7D283F651500765B79 /* Resources */ = {
			isa = PBXResourcesBuildPhase;
			buildActionMask = 2147483647;
			files = (
			);
			runOnlyForDeploymentPostprocessing = 0;
		};
		75273C87283F651500765B79 /* Resources */ = {
			isa = PBXResourcesBuildPhase;
			buildActionMask = 2147483647;
			files = (
			);
			runOnlyForDeploymentPostprocessing = 0;
		};
/* End PBXResourcesBuildPhase section */

/* Begin PBXSourcesBuildPhase section */
		75273C65283F651400765B79 /* Sources */ = {
			isa = PBXSourcesBuildPhase;
			buildActionMask = 2147483647;
			files = (
				75273C71283F651400765B79 /* ViewController.swift in Sources */,
				75273C6D283F651400765B79 /* AppDelegate.swift in Sources */,
				75273C6F283F651400765B79 /* SceneDelegate.swift in Sources */,
			);
			runOnlyForDeploymentPostprocessing = 0;
		};
		75273C7B283F651500765B79 /* Sources */ = {
			isa = PBXSourcesBuildPhase;
			buildActionMask = 2147483647;
			files = (
				75273C84283F651500765B79 /* Project07___PullToRefreshTests.swift in Sources */,
			);
			runOnlyForDeploymentPostprocessing = 0;
		};
		75273C85283F651500765B79 /* Sources */ = {
			isa = PBXSourcesBuildPhase;
			buildActionMask = 2147483647;
			files = (
				75273C8E283F651500765B79 /* Project07___PullToRefreshUITests.swift in Sources */,
				75273C90283F651500765B79 /* Project07___PullToRefreshUITestsLaunchTests.swift in Sources */,
			);
			runOnlyForDeploymentPostprocessing = 0;
		};
/* End PBXSourcesBuildPhase section */

/* Begin PBXTargetDependency section */
		75273C81283F651500765B79 /* PBXTargetDependency */ = {
			isa = PBXTargetDependency;
			target = 75273C68283F651400765B79 /* Project07 - PullToRefresh */;
			targetProxy = 75273C80283F651500765B79 /* PBXContainerItemProxy */;
		};
		75273C8B283F651500765B79 /* PBXTargetDependency */ = {
			isa = PBXTargetDependency;
			target = 75273C68283F651400765B79 /* Project07 - PullToRefresh */;
			targetProxy = 75273C8A283F651500765B79 /* PBXContainerItemProxy */;
		};
/* End PBXTargetDependency section */

/* Begin PBXVariantGroup section */
		75273C72283F651400765B79 /* Main.storyboard */ = {
			isa = PBXVariantGroup;
			children = (
				75273C73283F651400765B79 /* Base */,
			);
			name = Main.storyboard;
			sourceTree = "<group>";
		};
		75273C77283F651500765B79 /* LaunchScreen.storyboard */ = {
			isa = PBXVariantGroup;
			children = (
				75273C78283F651500765B79 /* Base */,
			);
			name = LaunchScreen.storyboard;
			sourceTree = "<group>";
		};
/* End PBXVariantGroup section */

/* Begin XCBuildConfiguration section */
		75273C91283F651500765B79 /* Debug */ = {
			isa = XCBuildConfiguration;
			buildSettings = {
				ALWAYS_SEARCH_USER_PATHS = NO;
				CLANG_ANALYZER_NONNULL = YES;
				CLANG_ANALYZER_NUMBER_OBJECT_CONVERSION = YES_AGGRESSIVE;
				CLANG_CXX_LANGUAGE_STANDARD = "gnu++17";
				CLANG_ENABLE_MODULES = YES;
				CLANG_ENABLE_OBJC_ARC = YES;
				CLANG_ENABLE_OBJC_WEAK = YES;
				CLANG_WARN_BLOCK_CAPTURE_AUTORELEASING = YES;
				CLANG_WARN_BOOL_CONVERSION = YES;
				CLANG_WARN_COMMA = YES;
				CLANG_WARN_CONSTANT_CONVERSION = YES;
				CLANG_WARN_DEPRECATED_OBJC_IMPLEMENTATIONS = YES;
				CLANG_WARN_DIRECT_OBJC_ISA_USAGE = YES_ERROR;
				CLANG_WARN_DOCUMENTATION_COMMENTS = YES;
				CLANG_WARN_EMPTY_BODY = YES;
				CLANG_WARN_ENUM_CONVERSION = YES;
				CLANG_WARN_INFINITE_RECURSION = YES;
				CLANG_WARN_INT_CONVERSION = YES;
				CLANG_WARN_NON_LITERAL_NULL_CONVERSION = YES;
				CLANG_WARN_OBJC_IMPLICIT_RETAIN_SELF = YES;
				CLANG_WARN_OBJC_LITERAL_CONVERSION = YES;
				CLANG_WARN_OBJC_ROOT_CLASS = YES_ERROR;
				CLANG_WARN_QUOTED_INCLUDE_IN_FRAMEWORK_HEADER = YES;
				CLANG_WARN_RANGE_LOOP_ANALYSIS = YES;
				CLANG_WARN_STRICT_PROTOTYPES = YES;
				CLANG_WARN_SUSPICIOUS_MOVE = YES;
				CLANG_WARN_UNGUARDED_AVAILABILITY = YES_AGGRESSIVE;
				CLANG_WARN_UNREACHABLE_CODE = YES;
				CLANG_WARN__DUPLICATE_METHOD_MATCH = YES;
				COPY_PHASE_STRIP = NO;
				DEBUG_INFORMATION_FORMAT = dwarf;
				ENABLE_STRICT_OBJC_MSGSEND = YES;
				ENABLE_TESTABILITY = YES;
				GCC_C_LANGUAGE_STANDARD = gnu11;
				GCC_DYNAMIC_NO_PIC = NO;
				GCC_NO_COMMON_BLOCKS = YES;
				GCC_OPTIMIZATION_LEVEL = 0;
				GCC_PREPROCESSOR_DEFINITIONS = (
					"DEBUG=1",
					"$(inherited)",
				);
				GCC_WARN_64_TO_32_BIT_CONVERSION = YES;
				GCC_WARN_ABOUT_RETURN_TYPE = YES_ERROR;
				GCC_WARN_UNDECLARED_SELECTOR = YES;
				GCC_WARN_UNINITIALIZED_AUTOS = YES_AGGRESSIVE;
				GCC_WARN_UNUSED_FUNCTION = YES;
				GCC_WARN_UNUSED_VARIABLE = YES;
				IPHONEOS_DEPLOYMENT_TARGET = 15.5;
				MTL_ENABLE_DEBUG_INFO = INCLUDE_SOURCE;
				MTL_FAST_MATH = YES;
				ONLY_ACTIVE_ARCH = YES;
				SDKROOT = iphoneos;
				SWIFT_ACTIVE_COMPILATION_CONDITIONS = DEBUG;
				SWIFT_OPTIMIZATION_LEVEL = "-Onone";
			};
			name = Debug;
		};
		75273C92283F651500765B79 /* Release */ = {
			isa = XCBuildConfiguration;
			buildSettings = {
				ALWAYS_SEARCH_USER_PATHS = NO;
				CLANG_ANALYZER_NONNULL = YES;
				CLANG_ANALYZER_NUMBER_OBJECT_CONVERSION = YES_AGGRESSIVE;
				CLANG_CXX_LANGUAGE_STANDARD = "gnu++17";
				CLANG_ENABLE_MODULES = YES;
				CLANG_ENABLE_OBJC_ARC = YES;
				CLANG_ENABLE_OBJC_WEAK = YES;
				CLANG_WARN_BLOCK_CAPTURE_AUTORELEASING = YES;
				CLANG_WARN_BOOL_CONVERSION = YES;
				CLANG_WARN_COMMA = YES;
				CLANG_WARN_CONSTANT_CONVERSION = YES;
				CLANG_WARN_DEPRECATED_OBJC_IMPLEMENTATIONS = YES;
				CLANG_WARN_DIRECT_OBJC_ISA_USAGE = YES_ERROR;
				CLANG_WARN_DOCUMENTATION_COMMENTS = YES;
				CLANG_WARN_EMPTY_BODY = YES;
				CLANG_WARN_ENUM_CONVERSION = YES;
				CLANG_WARN_INFINITE_RECURSION = YES;
				CLANG_WARN_INT_CONVERSION = YES;
				CLANG_WARN_NON_LITERAL_NULL_CONVERSION = YES;
				CLANG_WARN_OBJC_IMPLICIT_RETAIN_SELF = YES;
				CLANG_WARN_OBJC_LITERAL_CONVERSION = YES;
				CLANG_WARN_OBJC_ROOT_CLASS = YES_ERROR;
				CLANG_WARN_QUOTED_INCLUDE_IN_FRAMEWORK_HEADER = YES;
				CLANG_WARN_RANGE_LOOP_ANALYSIS = YES;
				CLANG_WARN_STRICT_PROTOTYPES = YES;
				CLANG_WARN_SUSPICIOUS_MOVE = YES;
				CLANG_WARN_UNGUARDED_AVAILABILITY = YES_AGGRESSIVE;
				CLANG_WARN_UNREACHABLE_CODE = YES;
				CLANG_WARN__DUPLICATE_METHOD_MATCH = YES;
				COPY_PHASE_STRIP = NO;
				DEBUG_INFORMATION_FORMAT = "dwarf-with-dsym";
				ENABLE_NS_ASSERTIONS = NO;
				ENABLE_STRICT_OBJC_MSGSEND = YES;
				GCC_C_LANGUAGE_STANDARD = gnu11;
				GCC_NO_COMMON_BLOCKS = YES;
				GCC_WARN_64_TO_32_BIT_CONVERSION = YES;
				GCC_WARN_ABOUT_RETURN_TYPE = YES_ERROR;
				GCC_WARN_UNDECLARED_SELECTOR = YES;
				GCC_WARN_UNINITIALIZED_AUTOS = YES_AGGRESSIVE;
				GCC_WARN_UNUSED_FUNCTION = YES;
				GCC_WARN_UNUSED_VARIABLE = YES;
				IPHONEOS_DEPLOYMENT_TARGET = 15.5;
				MTL_ENABLE_DEBUG_INFO = NO;
				MTL_FAST_MATH = YES;
				SDKROOT = iphoneos;
				SWIFT_COMPILATION_MODE = wholemodule;
				SWIFT_OPTIMIZATION_LEVEL = "-O";
				VALIDATE_PRODUCT = YES;
			};
			name = Release;
		};
		75273C94283F651500765B79 /* Debug */ = {
			isa = XCBuildConfiguration;
			buildSettings = {
				ASSETCATALOG_COMPILER_APPICON_NAME = AppIcon;
				ASSETCATALOG_COMPILER_GLOBAL_ACCENT_COLOR_NAME = AccentColor;
				CODE_SIGN_STYLE = Automatic;
				CURRENT_PROJECT_VERSION = 1;
				DEVELOPMENT_TEAM = 7N2TRX73U6;
				GENERATE_INFOPLIST_FILE = YES;
				INFOPLIST_FILE = "Project07 - PullToRefresh/Info.plist";
				INFOPLIST_KEY_UIApplicationSupportsIndirectInputEvents = YES;
				INFOPLIST_KEY_UILaunchStoryboardName = LaunchScreen;
				INFOPLIST_KEY_UIMainStoryboardFile = Main;
				INFOPLIST_KEY_UISupportedInterfaceOrientations_iPad = "UIInterfaceOrientationPortrait UIInterfaceOrientationPortraitUpsideDown UIInterfaceOrientationLandscapeLeft UIInterfaceOrientationLandscapeRight";
				INFOPLIST_KEY_UISupportedInterfaceOrientations_iPhone = "UIInterfaceOrientationPortrait UIInterfaceOrientationLandscapeLeft UIInterfaceOrientationLandscapeRight";
				LD_RUNPATH_SEARCH_PATHS = (
					"$(inherited)",
					"@executable_path/Frameworks",
				);
				MARKETING_VERSION = 1.0;
				PRODUCT_BUNDLE_IDENTIFIER = "com.calmkeen.Project07---PullToRefresh";
				PRODUCT_NAME = "$(TARGET_NAME)";
				SWIFT_EMIT_LOC_STRINGS = YES;
				SWIFT_VERSION = 5.0;
				TARGETED_DEVICE_FAMILY = "1,2";
			};
			name = Debug;
		};
		75273C95283F651500765B79 /* Release */ = {
			isa = XCBuildConfiguration;
			buildSettings = {
				ASSETCATALOG_COMPILER_APPICON_NAME = AppIcon;
				ASSETCATALOG_COMPILER_GLOBAL_ACCENT_COLOR_NAME = AccentColor;
				CODE_SIGN_STYLE = Automatic;
				CURRENT_PROJECT_VERSION = 1;
				DEVELOPMENT_TEAM = 7N2TRX73U6;
				GENERATE_INFOPLIST_FILE = YES;
				INFOPLIST_FILE = "Project07 - PullToRefresh/Info.plist";
				INFOPLIST_KEY_UIApplicationSupportsIndirectInputEvents = YES;
				INFOPLIST_KEY_UILaunchStoryboardName = LaunchScreen;
				INFOPLIST_KEY_UIMainStoryboardFile = Main;
				INFOPLIST_KEY_UISupportedInterfaceOrientations_iPad = "UIInterfaceOrientationPortrait UIInterfaceOrientationPortraitUpsideDown UIInterfaceOrientationLandscapeLeft UIInterfaceOrientationLandscapeRight";
				INFOPLIST_KEY_UISupportedInterfaceOrientations_iPhone = "UIInterfaceOrientationPortrait UIInterfaceOrientationLandscapeLeft UIInterfaceOrientationLandscapeRight";
				LD_RUNPATH_SEARCH_PATHS = (
					"$(inherited)",
					"@executable_path/Frameworks",
				);
				MARKETING_VERSION = 1.0;
				PRODUCT_BUNDLE_IDENTIFIER = "com.calmkeen.Project07---PullToRefresh";
				PRODUCT_NAME = "$(TARGET_NAME)";
				SWIFT_EMIT_LOC_STRINGS = YES;
				SWIFT_VERSION = 5.0;
				TARGETED_DEVICE_FAMILY = "1,2";
			};
			name = Release;
		};
		75273C97283F651500765B79 /* Debug */ = {
			isa = XCBuildConfiguration;
			buildSettings = {
				ALWAYS_EMBED_SWIFT_STANDARD_LIBRARIES = YES;
				BUNDLE_LOADER = "$(TEST_HOST)";
				CODE_SIGN_STYLE = Automatic;
				CURRENT_PROJECT_VERSION = 1;
				DEVELOPMENT_TEAM = 7N2TRX73U6;
				GENERATE_INFOPLIST_FILE = YES;
				IPHONEOS_DEPLOYMENT_TARGET = 15.5;
				MARKETING_VERSION = 1.0;
				PRODUCT_BUNDLE_IDENTIFIER = "com.calmkeen.Project07---PullToRefreshTests";
				PRODUCT_NAME = "$(TARGET_NAME)";
				SWIFT_EMIT_LOC_STRINGS = NO;
				SWIFT_VERSION = 5.0;
				TARGETED_DEVICE_FAMILY = "1,2";
				TEST_HOST = "$(BUILT_PRODUCTS_DIR)/Project07 - PullToRefresh.app/Project07 - PullToRefresh";
			};
			name = Debug;
		};
		75273C98283F651500765B79 /* Release */ = {
			isa = XCBuildConfiguration;
			buildSettings = {
				ALWAYS_EMBED_SWIFT_STANDARD_LIBRARIES = YES;
				BUNDLE_LOADER = "$(TEST_HOST)";
				CODE_SIGN_STYLE = Automatic;
				CURRENT_PROJECT_VERSION = 1;
				DEVELOPMENT_TEAM = 7N2TRX73U6;
				GENERATE_INFOPLIST_FILE = YES;
				IPHONEOS_DEPLOYMENT_TARGET = 15.5;
				MARKETING_VERSION = 1.0;
				PRODUCT_BUNDLE_IDENTIFIER = "com.calmkeen.Project07---PullToRefreshTests";
				PRODUCT_NAME = "$(TARGET_NAME)";
				SWIFT_EMIT_LOC_STRINGS = NO;
				SWIFT_VERSION = 5.0;
				TARGETED_DEVICE_FAMILY = "1,2";
				TEST_HOST = "$(BUILT_PRODUCTS_DIR)/Project07 - PullToRefresh.app/Project07 - PullToRefresh";
			};
			name = Release;
		};
		75273C9A283F651500765B79 /* Debug */ = {
			isa = XCBuildConfiguration;
			buildSettings = {
				ALWAYS_EMBED_SWIFT_STANDARD_LIBRARIES = YES;
				CODE_SIGN_STYLE = Automatic;
				CURRENT_PROJECT_VERSION = 1;
				DEVELOPMENT_TEAM = 7N2TRX73U6;
				GENERATE_INFOPLIST_FILE = YES;
				MARKETING_VERSION = 1.0;
				PRODUCT_BUNDLE_IDENTIFIER = "com.calmkeen.Project07---PullToRefreshUITests";
				PRODUCT_NAME = "$(TARGET_NAME)";
				SWIFT_EMIT_LOC_STRINGS = NO;
				SWIFT_VERSION = 5.0;
				TARGETED_DEVICE_FAMILY = "1,2";
				TEST_TARGET_NAME = "Project07 - PullToRefresh";
			};
			name = Debug;
		};
		75273C9B283F651500765B79 /* Release */ = {
			isa = XCBuildConfiguration;
			buildSettings = {
				ALWAYS_EMBED_SWIFT_STANDARD_LIBRARIES = YES;
				CODE_SIGN_STYLE = Automatic;
				CURRENT_PROJECT_VERSION = 1;
				DEVELOPMENT_TEAM = 7N2TRX73U6;
				GENERATE_INFOPLIST_FILE = YES;
				MARKETING_VERSION = 1.0;
				PRODUCT_BUNDLE_IDENTIFIER = "com.calmkeen.Project07---PullToRefreshUITests";
				PRODUCT_NAME = "$(TARGET_NAME)";
				SWIFT_EMIT_LOC_STRINGS = NO;
				SWIFT_VERSION = 5.0;
				TARGETED_DEVICE_FAMILY = "1,2";
				TEST_TARGET_NAME = "Project07 - PullToRefresh";
			};
			name = Release;
		};
/* End XCBuildConfiguration section */

/* Begin XCConfigurationList section */
		75273C64283F651400765B79 /* Build configuration list for PBXProject "Project07 - PullToRefresh" */ = {
			isa = XCConfigurationList;
			buildConfigurations = (
				75273C91283F651500765B79 /* Debug */,
				75273C92283F651500765B79 /* Release */,
			);
			defaultConfigurationIsVisible = 0;
			defaultConfigurationName = Release;
		};
		75273C93283F651500765B79 /* Build configuration list for PBXNativeTarget "Project07 - PullToRefresh" */ = {
			isa = XCConfigurationList;
			buildConfigurations = (
				75273C94283F651500765B79 /* Debug */,
				75273C95283F651500765B79 /* Release */,
			);
			defaultConfigurationIsVisible = 0;
			defaultConfigurationName = Release;
		};
		75273C96283F651500765B79 /* Build configuration list for PBXNativeTarget "Project07 - PullToRefreshTests" */ = {
			isa = XCConfigurationList;
			buildConfigurations = (
				75273C97283F651500765B79 /* Debug */,
				75273C98283F651500765B79 /* Release */,
			);
			defaultConfigurationIsVisible = 0;
			defaultConfigurationName = Release;
		};
		75273C99283F651500765B79 /* Build configuration list for PBXNativeTarget "Project07 - PullToRefreshUITests" */ = {
			isa = XCConfigurationList;
			buildConfigurations = (
				75273C9A283F651500765B79 /* Debug */,
				75273C9B283F651500765B79 /* Release */,
			);
			defaultConfigurationIsVisible = 0;
			defaultConfigurationName = Release;
		};
/* End XCConfigurationList section */
	};
	rootObject = 75273C61283F651400765B79 /* Project object */;
}
