// !$*UTF8*$!
{
	archiveVersion = 1;
	classes = {
	};
	objectVersion = 55;
	objects = {

/* Begin PBXBuildFile section */
		75273BF5283E095900765B79 /* AppDelegate.swift in Sources */ = {isa = PBXBuildFile; fileRef = 75273BF4283E095900765B79 /* AppDelegate.swift */; };
		75273BF7283E095900765B79 /* SceneDelegate.swift in Sources */ = {isa = PBXBuildFile; fileRef = 75273BF6283E095900765B79 /* SceneDelegate.swift */; };
		75273BF9283E095900765B79 /* ViewController.swift in Sources */ = {isa = PBXBuildFile; fileRef = 75273BF8283E095900765B79 /* ViewController.swift */; };
		75273BFC283E095900765B79 /* Main.storyboard in Resources */ = {isa = PBXBuildFile; fileRef = 75273BFA283E095900765B79 /* Main.storyboard */; };
		75273BFE283E095A00765B79 /* Assets.xcassets in Resources */ = {isa = PBXBuildFile; fileRef = 75273BFD283E095A00765B79 /* Assets.xcassets */; };
		75273C01283E095A00765B79 /* LaunchScreen.storyboard in Resources */ = {isa = PBXBuildFile; fileRef = 75273BFF283E095A00765B79 /* LaunchScreen.storyboard */; };
		75273C0C283E095A00765B79 /* Project06___FindMyLocationTests.swift in Sources */ = {isa = PBXBuildFile; fileRef = 75273C0B283E095A00765B79 /* Project06___FindMyLocationTests.swift */; };
		75273C16283E095A00765B79 /* Project06___FindMyLocationUITests.swift in Sources */ = {isa = PBXBuildFile; fileRef = 75273C15283E095A00765B79 /* Project06___FindMyLocationUITests.swift */; };
		75273C18283E095A00765B79 /* Project06___FindMyLocationUITestsLaunchTests.swift in Sources */ = {isa = PBXBuildFile; fileRef = 75273C17283E095A00765B79 /* Project06___FindMyLocationUITestsLaunchTests.swift */; };
/* End PBXBuildFile section */

/* Begin PBXContainerItemProxy section */
		75273C08283E095A00765B79 /* PBXContainerItemProxy */ = {
			isa = PBXContainerItemProxy;
			containerPortal = 75273BE9283E095900765B79 /* Project object */;
			proxyType = 1;
			remoteGlobalIDString = 75273BF0283E095900765B79;
			remoteInfo = "Project06 - FindMyLocation";
		};
		75273C12283E095A00765B79 /* PBXContainerItemProxy */ = {
			isa = PBXContainerItemProxy;
			containerPortal = 75273BE9283E095900765B79 /* Project object */;
			proxyType = 1;
			remoteGlobalIDString = 75273BF0283E095900765B79;
			remoteInfo = "Project06 - FindMyLocation";
		};
/* End PBXContainerItemProxy section */

/* Begin PBXFileReference section */
		75273BF1283E095900765B79 /* Project06 - FindMyLocation.app */ = {isa = PBXFileReference; explicitFileType = wrapper.application; includeInIndex = 0; path = "Project06 - FindMyLocation.app"; sourceTree = BUILT_PRODUCTS_DIR; };
		75273BF4283E095900765B79 /* AppDelegate.swift */ = {isa = PBXFileReference; lastKnownFileType = sourcecode.swift; path = AppDelegate.swift; sourceTree = "<group>"; };
		75273BF6283E095900765B79 /* SceneDelegate.swift */ = {isa = PBXFileReference; lastKnownFileType = sourcecode.swift; path = SceneDelegate.swift; sourceTree = "<group>"; };
		75273BF8283E095900765B79 /* ViewController.swift */ = {isa = PBXFileReference; lastKnownFileType = sourcecode.swift; path = ViewController.swift; sourceTree = "<group>"; };
		75273BFB283E095900765B79 /* Base */ = {isa = PBXFileReference; lastKnownFileType = file.storyboard; name = Base; path = Base.lproj/Main.storyboard; sourceTree = "<group>"; };
		75273BFD283E095A00765B79 /* Assets.xcassets */ = {isa = PBXFileReference; lastKnownFileType = folder.assetcatalog; path = Assets.xcassets; sourceTree = "<group>"; };
		75273C00283E095A00765B79 /* Base */ = {isa = PBXFileReference; lastKnownFileType = file.storyboard; name = Base; path = Base.lproj/LaunchScreen.storyboard; sourceTree = "<group>"; };
		75273C02283E095A00765B79 /* Info.plist */ = {isa = PBXFileReference; lastKnownFileType = text.plist.xml; path = Info.plist; sourceTree = "<group>"; };
		75273C07283E095A00765B79 /* Project06 - FindMyLocationTests.xctest */ = {isa = PBXFileReference; explicitFileType = wrapper.cfbundle; includeInIndex = 0; path = "Project06 - FindMyLocationTests.xctest"; sourceTree = BUILT_PRODUCTS_DIR; };
		75273C0B283E095A00765B79 /* Project06___FindMyLocationTests.swift */ = {isa = PBXFileReference; lastKnownFileType = sourcecode.swift; path = "Project06___FindMyLocationTests.swift"; sourceTree = "<group>"; };
		75273C11283E095A00765B79 /* Project06 - FindMyLocationUITests.xctest */ = {isa = PBXFileReference; explicitFileType = wrapper.cfbundle; includeInIndex = 0; path = "Project06 - FindMyLocationUITests.xctest"; sourceTree = BUILT_PRODUCTS_DIR; };
		75273C15283E095A00765B79 /* Project06___FindMyLocationUITests.swift */ = {isa = PBXFileReference; lastKnownFileType = sourcecode.swift; path = "Project06___FindMyLocationUITests.swift"; sourceTree = "<group>"; };
		75273C17283E095A00765B79 /* Project06___FindMyLocationUITestsLaunchTests.swift */ = {isa = PBXFileReference; lastKnownFileType = sourcecode.swift; path = "Project06___FindMyLocationUITestsLaunchTests.swift"; sourceTree = "<group>"; };
/* End PBXFileReference section */

/* Begin PBXFrameworksBuildPhase section */
		75273BEE283E095900765B79 /* Frameworks */ = {
			isa = PBXFrameworksBuildPhase;
			buildActionMask = 2147483647;
			files = (
			);
			runOnlyForDeploymentPostprocessing = 0;
		};
		75273C04283E095A00765B79 /* Frameworks */ = {
			isa = PBXFrameworksBuildPhase;
			buildActionMask = 2147483647;
			files = (
			);
			runOnlyForDeploymentPostprocessing = 0;
		};
		75273C0E283E095A00765B79 /* Frameworks */ = {
			isa = PBXFrameworksBuildPhase;
			buildActionMask = 2147483647;
			files = (
			);
			runOnlyForDeploymentPostprocessing = 0;
		};
/* End PBXFrameworksBuildPhase section */

/* Begin PBXGroup section */
		75273BE8283E095900765B79 = {
			isa = PBXGroup;
			children = (
				75273BF3283E095900765B79 /* Project06 - FindMyLocation */,
				75273C0A283E095A00765B79 /* Project06 - FindMyLocationTests */,
				75273C14283E095A00765B79 /* Project06 - FindMyLocationUITests */,
				75273BF2283E095900765B79 /* Products */,
			);
			sourceTree = "<group>";
		};
		75273BF2283E095900765B79 /* Products */ = {
			isa = PBXGroup;
			children = (
				75273BF1283E095900765B79 /* Project06 - FindMyLocation.app */,
				75273C07283E095A00765B79 /* Project06 - FindMyLocationTests.xctest */,
				75273C11283E095A00765B79 /* Project06 - FindMyLocationUITests.xctest */,
			);
			name = Products;
			sourceTree = "<group>";
		};
		75273BF3283E095900765B79 /* Project06 - FindMyLocation */ = {
			isa = PBXGroup;
			children = (
				75273BF4283E095900765B79 /* AppDelegate.swift */,
				75273BF6283E095900765B79 /* SceneDelegate.swift */,
				75273BF8283E095900765B79 /* ViewController.swift */,
				75273BFA283E095900765B79 /* Main.storyboard */,
				75273BFD283E095A00765B79 /* Assets.xcassets */,
				75273BFF283E095A00765B79 /* LaunchScreen.storyboard */,
				75273C02283E095A00765B79 /* Info.plist */,
			);
			path = "Project06 - FindMyLocation";
			sourceTree = "<group>";
		};
		75273C0A283E095A00765B79 /* Project06 - FindMyLocationTests */ = {
			isa = PBXGroup;
			children = (
				75273C0B283E095A00765B79 /* Project06___FindMyLocationTests.swift */,
			);
			path = "Project06 - FindMyLocationTests";
			sourceTree = "<group>";
		};
		75273C14283E095A00765B79 /* Project06 - FindMyLocationUITests */ = {
			isa = PBXGroup;
			children = (
				75273C15283E095A00765B79 /* Project06___FindMyLocationUITests.swift */,
				75273C17283E095A00765B79 /* Project06___FindMyLocationUITestsLaunchTests.swift */,
			);
			path = "Project06 - FindMyLocationUITests";
			sourceTree = "<group>";
		};
/* End PBXGroup section */

/* Begin PBXNativeTarget section */
		75273BF0283E095900765B79 /* Project06 - FindMyLocation */ = {
			isa = PBXNativeTarget;
			buildConfigurationList = 75273C1B283E095A00765B79 /* Build configuration list for PBXNativeTarget "Project06 - FindMyLocation" */;
			buildPhases = (
				75273BED283E095900765B79 /* Sources */,
				75273BEE283E095900765B79 /* Frameworks */,
				75273BEF283E095900765B79 /* Resources */,
			);
			buildRules = (
			);
			dependencies = (
			);
			name = "Project06 - FindMyLocation";
			productName = "Project06 - FindMyLocation";
			productReference = 75273BF1283E095900765B79 /* Project06 - FindMyLocation.app */;
			productType = "com.apple.product-type.application";
		};
		75273C06283E095A00765B79 /* Project06 - FindMyLocationTests */ = {
			isa = PBXNativeTarget;
			buildConfigurationList = 75273C1E283E095A00765B79 /* Build configuration list for PBXNativeTarget "Project06 - FindMyLocationTests" */;
			buildPhases = (
				75273C03283E095A00765B79 /* Sources */,
				75273C04283E095A00765B79 /* Frameworks */,
				75273C05283E095A00765B79 /* Resources */,
			);
			buildRules = (
			);
			dependencies = (
				75273C09283E095A00765B79 /* PBXTargetDependency */,
			);
			name = "Project06 - FindMyLocationTests";
			productName = "Project06 - FindMyLocationTests";
			productReference = 75273C07283E095A00765B79 /* Project06 - FindMyLocationTests.xctest */;
			productType = "com.apple.product-type.bundle.unit-test";
		};
		75273C10283E095A00765B79 /* Project06 - FindMyLocationUITests */ = {
			isa = PBXNativeTarget;
			buildConfigurationList = 75273C21283E095A00765B79 /* Build configuration list for PBXNativeTarget "Project06 - FindMyLocationUITests" */;
			buildPhases = (
				75273C0D283E095A00765B79 /* Sources */,
				75273C0E283E095A00765B79 /* Frameworks */,
				75273C0F283E095A00765B79 /* Resources */,
			);
			buildRules = (
			);
			dependencies = (
				75273C13283E095A00765B79 /* PBXTargetDependency */,
			);
			name = "Project06 - FindMyLocationUITests";
			productName = "Project06 - FindMyLocationUITests";
			productReference = 75273C11283E095A00765B79 /* Project06 - FindMyLocationUITests.xctest */;
			productType = "com.apple.product-type.bundle.ui-testing";
		};
/* End PBXNativeTarget section */

/* Begin PBXProject section */
		75273BE9283E095900765B79 /* Project object */ = {
			isa = PBXProject;
			attributes = {
				BuildIndependentTargetsInParallel = 1;
				LastSwiftUpdateCheck = 1340;
				LastUpgradeCheck = 1340;
				TargetAttributes = {
					75273BF0283E095900765B79 = {
						CreatedOnToolsVersion = 13.4;
					};
					75273C06283E095A00765B79 = {
						CreatedOnToolsVersion = 13.4;
						TestTargetID = 75273BF0283E095900765B79;
					};
					75273C10283E095A00765B79 = {
						CreatedOnToolsVersion = 13.4;
						TestTargetID = 75273BF0283E095900765B79;
					};
				};
			};
			buildConfigurationList = 75273BEC283E095900765B79 /* Build configuration list for PBXProject "Project06 - FindMyLocation" */;
			compatibilityVersion = "Xcode 13.0";
			developmentRegion = en;
			hasScannedForEncodings = 0;
			knownRegions = (
				en,
				Base,
			);
			mainGroup = 75273BE8283E095900765B79;
			productRefGroup = 75273BF2283E095900765B79 /* Products */;
			projectDirPath = "";
			projectRoot = "";
			targets = (
				75273BF0283E095900765B79 /* Project06 - FindMyLocation */,
				75273C06283E095A00765B79 /* Project06 - FindMyLocationTests */,
				75273C10283E095A00765B79 /* Project06 - FindMyLocationUITests */,
			);
		};
/* End PBXProject section */

/* Begin PBXResourcesBuildPhase section */
		75273BEF283E095900765B79 /* Resources */ = {
			isa = PBXResourcesBuildPhase;
			buildActionMask = 2147483647;
			files = (
				75273C01283E095A00765B79 /* LaunchScreen.storyboard in Resources */,
				75273BFE283E095A00765B79 /* Assets.xcassets in Resources */,
				75273BFC283E095900765B79 /* Main.storyboard in Resources */,
			);
			runOnlyForDeploymentPostprocessing = 0;
		};
		75273C05283E095A00765B79 /* Resources */ = {
			isa = PBXResourcesBuildPhase;
			buildActionMask = 2147483647;
			files = (
			);
			runOnlyForDeploymentPostprocessing = 0;
		};
		75273C0F283E095A00765B79 /* Resources */ = {
			isa = PBXResourcesBuildPhase;
			buildActionMask = 2147483647;
			files = (
			);
			runOnlyForDeploymentPostprocessing = 0;
		};
/* End PBXResourcesBuildPhase section */

/* Begin PBXSourcesBuildPhase section */
		75273BED283E095900765B79 /* Sources */ = {
			isa = PBXSourcesBuildPhase;
			buildActionMask = 2147483647;
			files = (
				75273BF9283E095900765B79 /* ViewController.swift in Sources */,
				75273BF5283E095900765B79 /* AppDelegate.swift in Sources */,
				75273BF7283E095900765B79 /* SceneDelegate.swift in Sources */,
			);
			runOnlyForDeploymentPostprocessing = 0;
		};
		75273C03283E095A00765B79 /* Sources */ = {
			isa = PBXSourcesBuildPhase;
			buildActionMask = 2147483647;
			files = (
				75273C0C283E095A00765B79 /* Project06___FindMyLocationTests.swift in Sources */,
			);
			runOnlyForDeploymentPostprocessing = 0;
		};
		75273C0D283E095A00765B79 /* Sources */ = {
			isa = PBXSourcesBuildPhase;
			buildActionMask = 2147483647;
			files = (
				75273C18283E095A00765B79 /* Project06___FindMyLocationUITestsLaunchTests.swift in Sources */,
				75273C16283E095A00765B79 /* Project06___FindMyLocationUITests.swift in Sources */,
			);
			runOnlyForDeploymentPostprocessing = 0;
		};
/* End PBXSourcesBuildPhase section */

/* Begin PBXTargetDependency section */
		75273C09283E095A00765B79 /* PBXTargetDependency */ = {
			isa = PBXTargetDependency;
			target = 75273BF0283E095900765B79 /* Project06 - FindMyLocation */;
			targetProxy = 75273C08283E095A00765B79 /* PBXContainerItemProxy */;
		};
		75273C13283E095A00765B79 /* PBXTargetDependency */ = {
			isa = PBXTargetDependency;
			target = 75273BF0283E095900765B79 /* Project06 - FindMyLocation */;
			targetProxy = 75273C12283E095A00765B79 /* PBXContainerItemProxy */;
		};
/* End PBXTargetDependency section */

/* Begin PBXVariantGroup section */
		75273BFA283E095900765B79 /* Main.storyboard */ = {
			isa = PBXVariantGroup;
			children = (
				75273BFB283E095900765B79 /* Base */,
			);
			name = Main.storyboard;
			sourceTree = "<group>";
		};
		75273BFF283E095A00765B79 /* LaunchScreen.storyboard */ = {
			isa = PBXVariantGroup;
			children = (
				75273C00283E095A00765B79 /* Base */,
			);
			name = LaunchScreen.storyboard;
			sourceTree = "<group>";
		};
/* End PBXVariantGroup section */

/* Begin XCBuildConfiguration section */
		75273C19283E095A00765B79 /* Debug */ = {
			isa = XCBuildConfiguration;
			buildSettings = {
				ALWAYS_SEARCH_USER_PATHS = NO;
				CLANG_ANALYZER_NONNULL = YES;
				CLANG_ANALYZER_NUMBER_OBJECT_CONVERSION = YES_AGGRESSIVE;
				CLANG_CXX_LANGUAGE_STANDARD = "gnu++17";
				CLANG_ENABLE_MODULES = YES;
				CLANG_ENABLE_OBJC_ARC = YES;
				CLANG_ENABLE_OBJC_WEAK = YES;
				CLANG_WARN_BLOCK_CAPTURE_AUTORELEASING = YES;
				CLANG_WARN_BOOL_CONVERSION = YES;
				CLANG_WARN_COMMA = YES;
				CLANG_WARN_CONSTANT_CONVERSION = YES;
				CLANG_WARN_DEPRECATED_OBJC_IMPLEMENTATIONS = YES;
				CLANG_WARN_DIRECT_OBJC_ISA_USAGE = YES_ERROR;
				CLANG_WARN_DOCUMENTATION_COMMENTS = YES;
				CLANG_WARN_EMPTY_BODY = YES;
				CLANG_WARN_ENUM_CONVERSION = YES;
				CLANG_WARN_INFINITE_RECURSION = YES;
				CLANG_WARN_INT_CONVERSION = YES;
				CLANG_WARN_NON_LITERAL_NULL_CONVERSION = YES;
				CLANG_WARN_OBJC_IMPLICIT_RETAIN_SELF = YES;
				CLANG_WARN_OBJC_LITERAL_CONVERSION = YES;
				CLANG_WARN_OBJC_ROOT_CLASS = YES_ERROR;
				CLANG_WARN_QUOTED_INCLUDE_IN_FRAMEWORK_HEADER = YES;
				CLANG_WARN_RANGE_LOOP_ANALYSIS = YES;
				CLANG_WARN_STRICT_PROTOTYPES = YES;
				CLANG_WARN_SUSPICIOUS_MOVE = YES;
				CLANG_WARN_UNGUARDED_AVAILABILITY = YES_AGGRESSIVE;
				CLANG_WARN_UNREACHABLE_CODE = YES;
				CLANG_WARN__DUPLICATE_METHOD_MATCH = YES;
				COPY_PHASE_STRIP = NO;
				DEBUG_INFORMATION_FORMAT = dwarf;
				ENABLE_STRICT_OBJC_MSGSEND = YES;
				ENABLE_TESTABILITY = YES;
				GCC_C_LANGUAGE_STANDARD = gnu11;
				GCC_DYNAMIC_NO_PIC = NO;
				GCC_NO_COMMON_BLOCKS = YES;
				GCC_OPTIMIZATION_LEVEL = 0;
				GCC_PREPROCESSOR_DEFINITIONS = (
					"DEBUG=1",
					"$(inherited)",
				);
				GCC_WARN_64_TO_32_BIT_CONVERSION = YES;
				GCC_WARN_ABOUT_RETURN_TYPE = YES_ERROR;
				GCC_WARN_UNDECLARED_SELECTOR = YES;
				GCC_WARN_UNINITIALIZED_AUTOS = YES_AGGRESSIVE;
				GCC_WARN_UNUSED_FUNCTION = YES;
				GCC_WARN_UNUSED_VARIABLE = YES;
				IPHONEOS_DEPLOYMENT_TARGET = 15.5;
				MTL_ENABLE_DEBUG_INFO = INCLUDE_SOURCE;
				MTL_FAST_MATH = YES;
				ONLY_ACTIVE_ARCH = YES;
				SDKROOT = iphoneos;
				SWIFT_ACTIVE_COMPILATION_CONDITIONS = DEBUG;
				SWIFT_OPTIMIZATION_LEVEL = "-Onone";
			};
			name = Debug;
		};
		75273C1A283E095A00765B79 /* Release */ = {
			isa = XCBuildConfiguration;
			buildSettings = {
				ALWAYS_SEARCH_USER_PATHS = NO;
				CLANG_ANALYZER_NONNULL = YES;
				CLANG_ANALYZER_NUMBER_OBJECT_CONVERSION = YES_AGGRESSIVE;
				CLANG_CXX_LANGUAGE_STANDARD = "gnu++17";
				CLANG_ENABLE_MODULES = YES;
				CLANG_ENABLE_OBJC_ARC = YES;
				CLANG_ENABLE_OBJC_WEAK = YES;
				CLANG_WARN_BLOCK_CAPTURE_AUTORELEASING = YES;
				CLANG_WARN_BOOL_CONVERSION = YES;
				CLANG_WARN_COMMA = YES;
				CLANG_WARN_CONSTANT_CONVERSION = YES;
				CLANG_WARN_DEPRECATED_OBJC_IMPLEMENTATIONS = YES;
				CLANG_WARN_DIRECT_OBJC_ISA_USAGE = YES_ERROR;
				CLANG_WARN_DOCUMENTATION_COMMENTS = YES;
				CLANG_WARN_EMPTY_BODY = YES;
				CLANG_WARN_ENUM_CONVERSION = YES;
				CLANG_WARN_INFINITE_RECURSION = YES;
				CLANG_WARN_INT_CONVERSION = YES;
				CLANG_WARN_NON_LITERAL_NULL_CONVERSION = YES;
				CLANG_WARN_OBJC_IMPLICIT_RETAIN_SELF = YES;
				CLANG_WARN_OBJC_LITERAL_CONVERSION = YES;
				CLANG_WARN_OBJC_ROOT_CLASS = YES_ERROR;
				CLANG_WARN_QUOTED_INCLUDE_IN_FRAMEWORK_HEADER = YES;
				CLANG_WARN_RANGE_LOOP_ANALYSIS = YES;
				CLANG_WARN_STRICT_PROTOTYPES = YES;
				CLANG_WARN_SUSPICIOUS_MOVE = YES;
				CLANG_WARN_UNGUARDED_AVAILABILITY = YES_AGGRESSIVE;
				CLANG_WARN_UNREACHABLE_CODE = YES;
				CLANG_WARN__DUPLICATE_METHOD_MATCH = YES;
				COPY_PHASE_STRIP = NO;
				DEBUG_INFORMATION_FORMAT = "dwarf-with-dsym";
				ENABLE_NS_ASSERTIONS = NO;
				ENABLE_STRICT_OBJC_MSGSEND = YES;
				GCC_C_LANGUAGE_STANDARD = gnu11;
				GCC_NO_COMMON_BLOCKS = YES;
				GCC_WARN_64_TO_32_BIT_CONVERSION = YES;
				GCC_WARN_ABOUT_RETURN_TYPE = YES_ERROR;
				GCC_WARN_UNDECLARED_SELECTOR = YES;
				GCC_WARN_UNINITIALIZED_AUTOS = YES_AGGRESSIVE;
				GCC_WARN_UNUSED_FUNCTION = YES;
				GCC_WARN_UNUSED_VARIABLE = YES;
				IPHONEOS_DEPLOYMENT_TARGET = 15.5;
				MTL_ENABLE_DEBUG_INFO = NO;
				MTL_FAST_MATH = YES;
				SDKROOT = iphoneos;
				SWIFT_COMPILATION_MODE = wholemodule;
				SWIFT_OPTIMIZATION_LEVEL = "-O";
				VALIDATE_PRODUCT = YES;
			};
			name = Release;
		};
		75273C1C283E095A00765B79 /* Debug */ = {
			isa = XCBuildConfiguration;
			buildSettings = {
				ASSETCATALOG_COMPILER_APPICON_NAME = AppIcon;
				ASSETCATALOG_COMPILER_GLOBAL_ACCENT_COLOR_NAME = AccentColor;
				CODE_SIGN_STYLE = Automatic;
				CURRENT_PROJECT_VERSION = 1;
				DEVELOPMENT_TEAM = 7N2TRX73U6;
				GENERATE_INFOPLIST_FILE = YES;
				INFOPLIST_FILE = "Project06 - FindMyLocation/Info.plist";
				INFOPLIST_KEY_NSLocationWhenInUseUsageDescription = "위치정보 파악에 동의하시겠습니까?";
				INFOPLIST_KEY_UIApplicationSupportsIndirectInputEvents = YES;
				INFOPLIST_KEY_UILaunchStoryboardName = LaunchScreen;
				INFOPLIST_KEY_UIMainStoryboardFile = Main;
				INFOPLIST_KEY_UISupportedInterfaceOrientations_iPad = "UIInterfaceOrientationPortrait UIInterfaceOrientationPortraitUpsideDown UIInterfaceOrientationLandscapeLeft UIInterfaceOrientationLandscapeRight";
				INFOPLIST_KEY_UISupportedInterfaceOrientations_iPhone = "UIInterfaceOrientationPortrait UIInterfaceOrientationLandscapeLeft UIInterfaceOrientationLandscapeRight";
				LD_RUNPATH_SEARCH_PATHS = (
					"$(inherited)",
					"@executable_path/Frameworks",
				);
				MARKETING_VERSION = 1.0;
				PRODUCT_BUNDLE_IDENTIFIER = "com.calmkeen.Project06---FindMyLocation";
				PRODUCT_NAME = "$(TARGET_NAME)";
				SWIFT_EMIT_LOC_STRINGS = YES;
				SWIFT_VERSION = 5.0;
				TARGETED_DEVICE_FAMILY = "1,2";
			};
			name = Debug;
		};
		75273C1D283E095A00765B79 /* Release */ = {
			isa = XCBuildConfiguration;
			buildSettings = {
				ASSETCATALOG_COMPILER_APPICON_NAME = AppIcon;
				ASSETCATALOG_COMPILER_GLOBAL_ACCENT_COLOR_NAME = AccentColor;
				CODE_SIGN_STYLE = Automatic;
				CURRENT_PROJECT_VERSION = 1;
				DEVELOPMENT_TEAM = 7N2TRX73U6;
				GENERATE_INFOPLIST_FILE = YES;
				INFOPLIST_FILE = "Project06 - FindMyLocation/Info.plist";
				INFOPLIST_KEY_NSLocationWhenInUseUsageDescription = "위치정보 파악에 동의하시겠습니까?";
				INFOPLIST_KEY_UIApplicationSupportsIndirectInputEvents = YES;
				INFOPLIST_KEY_UILaunchStoryboardName = LaunchScreen;
				INFOPLIST_KEY_UIMainStoryboardFile = Main;
				INFOPLIST_KEY_UISupportedInterfaceOrientations_iPad = "UIInterfaceOrientationPortrait UIInterfaceOrientationPortraitUpsideDown UIInterfaceOrientationLandscapeLeft UIInterfaceOrientationLandscapeRight";
				INFOPLIST_KEY_UISupportedInterfaceOrientations_iPhone = "UIInterfaceOrientationPortrait UIInterfaceOrientationLandscapeLeft UIInterfaceOrientationLandscapeRight";
				LD_RUNPATH_SEARCH_PATHS = (
					"$(inherited)",
					"@executable_path/Frameworks",
				);
				MARKETING_VERSION = 1.0;
				PRODUCT_BUNDLE_IDENTIFIER = "com.calmkeen.Project06---FindMyLocation";
				PRODUCT_NAME = "$(TARGET_NAME)";
				SWIFT_EMIT_LOC_STRINGS = YES;
				SWIFT_VERSION = 5.0;
				TARGETED_DEVICE_FAMILY = "1,2";
			};
			name = Release;
		};
		75273C1F283E095A00765B79 /* Debug */ = {
			isa = XCBuildConfiguration;
			buildSettings = {
				ALWAYS_EMBED_SWIFT_STANDARD_LIBRARIES = YES;
				BUNDLE_LOADER = "$(TEST_HOST)";
				CODE_SIGN_STYLE = Automatic;
				CURRENT_PROJECT_VERSION = 1;
				DEVELOPMENT_TEAM = 7N2TRX73U6;
				GENERATE_INFOPLIST_FILE = YES;
				IPHONEOS_DEPLOYMENT_TARGET = 15.5;
				MARKETING_VERSION = 1.0;
				PRODUCT_BUNDLE_IDENTIFIER = "com.calmkeen.Project06---FindMyLocationTests";
				PRODUCT_NAME = "$(TARGET_NAME)";
				SWIFT_EMIT_LOC_STRINGS = NO;
				SWIFT_VERSION = 5.0;
				TARGETED_DEVICE_FAMILY = "1,2";
				TEST_HOST = "$(BUILT_PRODUCTS_DIR)/Project06 - FindMyLocation.app/Project06 - FindMyLocation";
			};
			name = Debug;
		};
		75273C20283E095A00765B79 /* Release */ = {
			isa = XCBuildConfiguration;
			buildSettings = {
				ALWAYS_EMBED_SWIFT_STANDARD_LIBRARIES = YES;
				BUNDLE_LOADER = "$(TEST_HOST)";
				CODE_SIGN_STYLE = Automatic;
				CURRENT_PROJECT_VERSION = 1;
				DEVELOPMENT_TEAM = 7N2TRX73U6;
				GENERATE_INFOPLIST_FILE = YES;
				IPHONEOS_DEPLOYMENT_TARGET = 15.5;
				MARKETING_VERSION = 1.0;
				PRODUCT_BUNDLE_IDENTIFIER = "com.calmkeen.Project06---FindMyLocationTests";
				PRODUCT_NAME = "$(TARGET_NAME)";
				SWIFT_EMIT_LOC_STRINGS = NO;
				SWIFT_VERSION = 5.0;
				TARGETED_DEVICE_FAMILY = "1,2";
				TEST_HOST = "$(BUILT_PRODUCTS_DIR)/Project06 - FindMyLocation.app/Project06 - FindMyLocation";
			};
			name = Release;
		};
		75273C22283E095A00765B79 /* Debug */ = {
			isa = XCBuildConfiguration;
			buildSettings = {
				ALWAYS_EMBED_SWIFT_STANDARD_LIBRARIES = YES;
				CODE_SIGN_STYLE = Automatic;
				CURRENT_PROJECT_VERSION = 1;
				DEVELOPMENT_TEAM = 7N2TRX73U6;
				GENERATE_INFOPLIST_FILE = YES;
				MARKETING_VERSION = 1.0;
				PRODUCT_BUNDLE_IDENTIFIER = "com.calmkeen.Project06---FindMyLocationUITests";
				PRODUCT_NAME = "$(TARGET_NAME)";
				SWIFT_EMIT_LOC_STRINGS = NO;
				SWIFT_VERSION = 5.0;
				TARGETED_DEVICE_FAMILY = "1,2";
				TEST_TARGET_NAME = "Project06 - FindMyLocation";
			};
			name = Debug;
		};
		75273C23283E095A00765B79 /* Release */ = {
			isa = XCBuildConfiguration;
			buildSettings = {
				ALWAYS_EMBED_SWIFT_STANDARD_LIBRARIES = YES;
				CODE_SIGN_STYLE = Automatic;
				CURRENT_PROJECT_VERSION = 1;
				DEVELOPMENT_TEAM = 7N2TRX73U6;
				GENERATE_INFOPLIST_FILE = YES;
				MARKETING_VERSION = 1.0;
				PRODUCT_BUNDLE_IDENTIFIER = "com.calmkeen.Project06---FindMyLocationUITests";
				PRODUCT_NAME = "$(TARGET_NAME)";
				SWIFT_EMIT_LOC_STRINGS = NO;
				SWIFT_VERSION = 5.0;
				TARGETED_DEVICE_FAMILY = "1,2";
				TEST_TARGET_NAME = "Project06 - FindMyLocation";
			};
			name = Release;
		};
/* End XCBuildConfiguration section */

/* Begin XCConfigurationList section */
		75273BEC283E095900765B79 /* Build configuration list for PBXProject "Project06 - FindMyLocation" */ = {
			isa = XCConfigurationList;
			buildConfigurations = (
				75273C19283E095A00765B79 /* Debug */,
				75273C1A283E095A00765B79 /* Release */,
			);
			defaultConfigurationIsVisible = 0;
			defaultConfigurationName = Release;
		};
		75273C1B283E095A00765B79 /* Build configuration list for PBXNativeTarget "Project06 - FindMyLocation" */ = {
			isa = XCConfigurationList;
			buildConfigurations = (
				75273C1C283E095A00765B79 /* Debug */,
				75273C1D283E095A00765B79 /* Release */,
			);
			defaultConfigurationIsVisible = 0;
			defaultConfigurationName = Release;
		};
		75273C1E283E095A00765B79 /* Build configuration list for PBXNativeTarget "Project06 - FindMyLocationTests" */ = {
			isa = XCConfigurationList;
			buildConfigurations = (
				75273C1F283E095A00765B79 /* Debug */,
				75273C20283E095A00765B79 /* Release */,
			);
			defaultConfigurationIsVisible = 0;
			defaultConfigurationName = Release;
		};
		75273C21283E095A00765B79 /* Build configuration list for PBXNativeTarget "Project06 - FindMyLocationUITests" */ = {
			isa = XCConfigurationList;
			buildConfigurations = (
				75273C22283E095A00765B79 /* Debug */,
				75273C23283E095A00765B79 /* Release */,
			);
			defaultConfigurationIsVisible = 0;
			defaultConfigurationName = Release;
		};
/* End XCConfigurationList section */
	};
	rootObject = 75273BE9283E095900765B79 /* Project object */;
}
